
Microsoft Visual Studio Solution File, Format Version 12.00
# Visual Studio Version 16
VisualStudioVersion = 16.0.30330.147
MinimumVisualStudioVersion = 10.0.40219.1
Project("{FAE04EC0-301F-11D3-BF4B-00C04F79EFBC}") = "Code", "Code.csproj", "{33BF68E3-587D-4DB2-9B3C-9B17E95B15DD}"
EndProject
Global
	GlobalSection(SolutionConfigurationPlatforms) = preSolution
		Debug|Any CPU = Debug|Any CPU
		Release|Any CPU = Release|Any CPU
	EndGlobalSection
	GlobalSection(ProjectConfigurationPlatforms) = postSolution
		{33BF68E3-587D-4DB2-9B3C-9B17E95B15DD}.Debug|Any CPU.ActiveCfg = Debug|Any CPU
		{33BF68E3-587D-4DB2-9B3C-9B17E95B15DD}.Debug|Any CPU.Build.0 = Debug|Any CPU
		{33BF68E3-587D-4DB2-9B3C-9B17E95B15DD}.Release|Any CPU.ActiveCfg = Release|Any CPU
		{33BF68E3-587D-4DB2-9B3C-9B17E95B15DD}.Release|Any CPU.Build.0 = Release|Any CPU
	EndGlobalSection
	GlobalSection(SolutionProperties) = preSolution
		HideSolutionNode = FALSE
	EndGlobalSection
	GlobalSection(ExtensibilityGlobals) = postSolution
		SolutionGuid = {9FC06DA8-A6E4-48F8-B9A5-5128483C5329}
	EndGlobalSection
EndGlobal
